
Microsoft Visual Studio Solution File, Format Version 12.00
# Visual Studio Version 16
VisualStudioVersion = 16.0.31613.86
MinimumVisualStudioVersion = 10.0.40219.1
Project("{9A19103F-16F7-4668-BE54-9A1E7A4F7556}") = "PiRecordingControls", "PiRecordingControls.csproj", "{515BD00F-9BCF-47BA-9783-8238890F8F78}"
EndProject
Global
	GlobalSection(SolutionConfigurationPlatforms) = preSolution
		Debug|Any CPU = Debug|Any CPU
		Release|Any CPU = Release|Any CPU
	EndGlobalSection
	GlobalSection(ProjectConfigurationPlatforms) = postSolution
		{515BD00F-9BCF-47BA-9783-8238890F8F78}.Debug|Any CPU.ActiveCfg = Debug|Any CPU
		{515BD00F-9BCF-47BA-9783-8238890F8F78}.Debug|Any CPU.Build.0 = Debug|Any CPU
		{515BD00F-9BCF-47BA-9783-8238890F8F78}.Release|Any CPU.ActiveCfg = Release|Any CPU
		{515BD00F-9BCF-47BA-9783-8238890F8F78}.Release|Any CPU.Build.0 = Release|Any CPU
	EndGlobalSection
	GlobalSection(SolutionProperties) = preSolution
		HideSolutionNode = FALSE
	EndGlobalSection
	GlobalSection(ExtensibilityGlobals) = postSolution
		SolutionGuid = {6852F8F6-1EB5-45CA-8074-598B22ED79E7}
	EndGlobalSection
EndGlobal
